
Microsoft Visual Studio Solution File, Format Version 12.00
# Visual Studio Version 17
VisualStudioVersion = 17.9.34622.214
MinimumVisualStudioVersion = 10.0.40219.1
Project("{FAE04EC0-301F-11D3-BF4B-00C04F79EFBC}") = "RSA", "RSA\RSA.csproj", "{7E5033FB-5415-46DC-B7E2-6EB692E9521A}"
EndProject
Global
	GlobalSection(SolutionConfigurationPlatforms) = preSolution
		Debug|Any CPU = Debug|Any CPU
		Release|Any CPU = Release|Any CPU
	EndGlobalSection
	GlobalSection(ProjectConfigurationPlatforms) = postSolution
		{7E5033FB-5415-46DC-B7E2-6EB692E9521A}.Debug|Any CPU.ActiveCfg = Debug|Any CPU
		{7E5033FB-5415-46DC-B7E2-6EB692E9521A}.Debug|Any CPU.Build.0 = Debug|Any CPU
		{7E5033FB-5415-46DC-B7E2-6EB692E9521A}.Release|Any CPU.ActiveCfg = Release|Any CPU
		{7E5033FB-5415-46DC-B7E2-6EB692E9521A}.Release|Any CPU.Build.0 = Release|Any CPU
	EndGlobalSection
	GlobalSection(SolutionProperties) = preSolution
		HideSolutionNode = FALSE
	EndGlobalSection
	GlobalSection(ExtensibilityGlobals) = postSolution
		SolutionGuid = {CCC8E7EB-CEF8-4B54-A0C7-6F97E37DC81B}
	EndGlobalSection
EndGlobal
